
Microsoft Visual Studio Solution File, Format Version 12.00
# Visual Studio Version 17
VisualStudioVersion = 17.5.002.0
MinimumVisualStudioVersion = 10.0.40219.1
Project("{2150E333-8FDC-42A3-9474-1A3956D46DE8}") = "A00", "A00", "{CAFE9B24-CE2F-4FAE-8201-277FFBDC0759}"
EndProject
Project("{9A19103F-16F7-4668-BE54-9A1E7A4F7556}") = "c#", "A00\csharp\c#.csproj", "{D166FB5A-2085-448E-97EE-A74F9822F8D7}"
EndProject
Global
	GlobalSection(SolutionConfigurationPlatforms) = preSolution
		Debug|Any CPU = Debug|Any CPU
		Release|Any CPU = Release|Any CPU
	EndGlobalSection
	GlobalSection(ProjectConfigurationPlatforms) = postSolution
		{D166FB5A-2085-448E-97EE-A74F9822F8D7}.Debug|Any CPU.ActiveCfg = Debug|Any CPU
		{D166FB5A-2085-448E-97EE-A74F9822F8D7}.Debug|Any CPU.Build.0 = Debug|Any CPU
		{D166FB5A-2085-448E-97EE-A74F9822F8D7}.Release|Any CPU.ActiveCfg = Release|Any CPU
		{D166FB5A-2085-448E-97EE-A74F9822F8D7}.Release|Any CPU.Build.0 = Release|Any CPU
	EndGlobalSection
	GlobalSection(SolutionProperties) = preSolution
		HideSolutionNode = FALSE
	EndGlobalSection
	GlobalSection(NestedProjects) = preSolution
		{D166FB5A-2085-448E-97EE-A74F9822F8D7} = {CAFE9B24-CE2F-4FAE-8201-277FFBDC0759}
	EndGlobalSection
	GlobalSection(ExtensibilityGlobals) = postSolution
		SolutionGuid = {A3314A70-534A-4FC0-B93E-B7523170B6B3}
	EndGlobalSection
EndGlobal
